{
  "name": "@succinctlabs/zcam1-verifier",
  "version": "0.0.1",
  "lockfileVersion": 3,
  "requires": true,
  "packages": {
    "": {
      "name": "@succinctlabs/zcam1-verifier",
      "version": "0.0.1",
      "dependencies": {
        "sp1-wasm-verifier": "^1.0.2"
      }
    },
    "node_modules/sp1-wasm-verifier": {
      "version": "1.0.2",
      "resolved": "http://0.0.0.0:4873/sp1-wasm-verifier/-/sp1-wasm-verifier-1.0.2.tgz",
      "integrity": "sha512-6wk37KOAsckG+AMZHHLqDonO6JSqvOkJikH8lF0nLbZ10OsMmt6gWHW+UtcFepo4d0aDea1Sw37MvxxySaZpBw==",
      "license": "MIT/Apache-2.0"
    }
  }
}
